# This file was autogenerated by uv via the following command:
#    uv pip compile requirements.txt -o requirements.lock
alembic==1.18.5
    # via -r requirements.txt
annotated-doc==0.0.4
    # via fastapi
annotated-types==0.7.0
    # via pydantic
anyio==4.14.1
    # via
    #   anysqlite
    #   hishel
    #   httpx
    #   starlette
anysqlite==0.0.5
    # via hishel
apscheduler==3.11.3
    # via -r requirements.txt
ast-serialize==0.6.0
    # via mypy
asyncpg==0.31.0
    # via -r requirements.txt
certifi==2026.6.17
    # via
    #   httpcore
    #   httpx
    #   requests
charset-normalizer==3.4.9
    # via requests
click==8.4.2
    # via uvicorn
coverage==7.15.0
    # via pytest-cov
diskcache==5.6.3
    # via -r requirements.txt
docker==7.2.0
    # via testcontainers
fastapi==0.139.0
    # via -r requirements.txt
greenlet==3.5.3
    # via -r requirements.txt
h11==0.16.0
    # via
    #   httpcore
    #   uvicorn
hishel==1.3.0
    # via -r requirements.txt
httpcore==1.0.9
    # via httpx
httpx==0.28.1
    # via
    #   -r requirements.txt
    #   hishel
    #   respx
idna==3.18
    # via
    #   anyio
    #   httpx
    #   requests
iniconfig==2.3.0
    # via pytest
librt==0.13.0
    # via mypy
mako==1.3.12
    # via alembic
markupsafe==3.0.3
    # via mako
msgpack==1.2.1
    # via hishel
mypy==2.2.0
    # via -r requirements.txt
mypy-extensions==1.1.0
    # via mypy
packaging==26.2
    # via pytest
pathspec==1.1.1
    # via mypy
pluggy==1.6.0
    # via
    #   pytest
    #   pytest-cov
psycopg2-binary==2.9.12
    # via -r requirements.txt
pydantic==2.13.4
    # via
    #   -r requirements.txt
    #   fastapi
    #   pydantic-settings
pydantic-core==2.46.4
    # via pydantic
pydantic-settings==2.14.2
    # via -r requirements.txt
pygments==2.20.0
    # via pytest
pytest==9.1.1
    # via
    #   -r requirements.txt
    #   pytest-asyncio
    #   pytest-cov
pytest-asyncio==1.4.0
    # via -r requirements.txt
pytest-cov==7.1.0
    # via -r requirements.txt
python-dotenv==1.2.2
    # via
    #   pydantic-settings
    #   testcontainers
requests==2.34.2
    # via docker
respx==0.23.1
    # via -r requirements.txt
ruff==0.15.21
    # via -r requirements.txt
sqlalchemy==2.0.51
    # via
    #   -r requirements.txt
    #   alembic
starlette==1.3.1
    # via fastapi
testcontainers==4.14.2
    # via -r requirements.txt
typing-extensions==4.16.0
    # via
    #   alembic
    #   fastapi
    #   hishel
    #   mypy
    #   pydantic
    #   pydantic-core
    #   sqlalchemy
    #   testcontainers
    #   typing-inspection
typing-inspection==0.4.2
    # via
    #   fastapi
    #   pydantic
    #   pydantic-settings
tzlocal==5.4.4
    # via apscheduler
urllib3==2.7.0
    # via
    #   docker
    #   requests
    #   testcontainers
uvicorn==0.51.0
    # via -r requirements.txt
wrapt==2.2.2
    # via testcontainers
